{
	"name": "atmention-angularjs-demo",
	"version": "0.5.4",
	"lockfileVersion": 1,
	"requires": true,
	"dependencies": {
		"angular": {
			"version": "1.8.0",
			"resolved": "https://registry.npmjs.org/angular/-/angular-1.8.0.tgz",
			"integrity": "sha512-VdaMx+Qk0Skla7B5gw77a8hzlcOakwF8mjlW13DpIWIDlfqwAbSSLfd8N/qZnzEmQF4jC4iofInd3gE7vL8ZZg=="
		},
		"atmention-angularjs": {
			"version": "0.5.1",
			"resolved": "https://registry.npmjs.org/atmention-angularjs/-/atmention-angularjs-0.5.1.tgz",
			"integrity": "sha512-/YF2Qja+J2tA+9hnreXX/Q4ZhCO8HULADKDkl0mZ5bnaHsYkB8tg8ZFaJin+xo8Za+TX7wmhSJyVFaHF61PChw==",
			"requires": {
				"atmention-core": "^0.5.1"
			}
		},
		"atmention-core": {
			"version": "0.5.1",
			"resolved": "https://registry.npmjs.org/atmention-core/-/atmention-core-0.5.1.tgz",
			"integrity": "sha512-6b5pagFM/yichenAi3m9c1CPNifah4eOZOfjLs1I8/jUCtfPR3UciO9wVUWXPpJkA0DWpDE2DIIJHAvC+89oMw=="
		}
	}
}
